
Microsoft Visual Studio Solution File, Format Version 12.00
# Visual Studio 15
VisualStudioVersion = 15.0.28010.2019
MinimumVisualStudioVersion = 10.0.40219.1
Project("{FAE04EC0-301F-11D3-BF4B-00C04F79EFBC}") = "WpfApp11", "WpfApp11\WpfApp11.csproj", "{BDCE1B6C-BCEC-4316-93BF-7BF2A63DDBCE}"
EndProject
Global
	GlobalSection(SolutionConfigurationPlatforms) = preSolution
		Debug|Any CPU = Debug|Any CPU
		Release|Any CPU = Release|Any CPU
	EndGlobalSection
	GlobalSection(ProjectConfigurationPlatforms) = postSolution
		{BDCE1B6C-BCEC-4316-93BF-7BF2A63DDBCE}.Debug|Any CPU.ActiveCfg = Debug|Any CPU
		{BDCE1B6C-BCEC-4316-93BF-7BF2A63DDBCE}.Debug|Any CPU.Build.0 = Debug|Any CPU
		{BDCE1B6C-BCEC-4316-93BF-7BF2A63DDBCE}.Release|Any CPU.ActiveCfg = Release|Any CPU
		{BDCE1B6C-BCEC-4316-93BF-7BF2A63DDBCE}.Release|Any CPU.Build.0 = Release|Any CPU
	EndGlobalSection
	GlobalSection(SolutionProperties) = preSolution
		HideSolutionNode = FALSE
	EndGlobalSection
	GlobalSection(ExtensibilityGlobals) = postSolution
		SolutionGuid = {5DBD80FB-8972-4C8F-A8DA-60808BDC4FC9}
	EndGlobalSection
EndGlobal
